
Microsoft Visual Studio Solution File, Format Version 12.00
# Visual Studio Version 17
VisualStudioVersion = 17.4.33110.190
MinimumVisualStudioVersion = 10.0.40219.1
Project("{FAE04EC0-301F-11D3-BF4B-00C04F79EFBC}") = "CsConsole", "CsConsole\CsConsole.csproj", "{410F360F-7CAC-4B17-BAD2-9168F1A35ADF}"
EndProject
Project("{FAE04EC0-301F-11D3-BF4B-00C04F79EFBC}") = "TimForm", "TimForm\TimForm.csproj", "{3365DD1E-0A7D-43D8-9A5D-CF3C932AC911}"
EndProject
Global
	GlobalSection(SolutionConfigurationPlatforms) = preSolution
		Debug|Any CPU = Debug|Any CPU
		Release|Any CPU = Release|Any CPU
	EndGlobalSection
	GlobalSection(ProjectConfigurationPlatforms) = postSolution
		{410F360F-7CAC-4B17-BAD2-9168F1A35ADF}.Debug|Any CPU.ActiveCfg = Debug|Any CPU
		{410F360F-7CAC-4B17-BAD2-9168F1A35ADF}.Debug|Any CPU.Build.0 = Debug|Any CPU
		{410F360F-7CAC-4B17-BAD2-9168F1A35ADF}.Release|Any CPU.ActiveCfg = Release|Any CPU
		{410F360F-7CAC-4B17-BAD2-9168F1A35ADF}.Release|Any CPU.Build.0 = Release|Any CPU
		{3365DD1E-0A7D-43D8-9A5D-CF3C932AC911}.Debug|Any CPU.ActiveCfg = Debug|Any CPU
		{3365DD1E-0A7D-43D8-9A5D-CF3C932AC911}.Debug|Any CPU.Build.0 = Debug|Any CPU
		{3365DD1E-0A7D-43D8-9A5D-CF3C932AC911}.Release|Any CPU.ActiveCfg = Release|Any CPU
		{3365DD1E-0A7D-43D8-9A5D-CF3C932AC911}.Release|Any CPU.Build.0 = Release|Any CPU
	EndGlobalSection
	GlobalSection(SolutionProperties) = preSolution
		HideSolutionNode = FALSE
	EndGlobalSection
	GlobalSection(ExtensibilityGlobals) = postSolution
		SolutionGuid = {9C03C7F5-5174-4E2F-9746-80ACA6A9DF12}
	EndGlobalSection
EndGlobal
